
Microsoft Visual Studio Solution File, Format Version 12.00
# Visual Studio 2015
Project("{FAE04EC0-301F-11D3-BF4B-00C04F79EFBC}") = "BOYEngine.CSharp", "BOYEngine.CSharp.csproj", "{DB78FCDF-D14D-F1DA-1ADC-86419D88874D}"
EndProject
Project("{FAE04EC0-301F-11D3-BF4B-00C04F79EFBC}") = "BOYEngine.CSharp.Editor", "BOYEngine.CSharp.Editor.csproj", "{746B2C84-F92F-BF42-0B7E-40B0F136437D}"
EndProject
Global
	GlobalSection(SolutionConfigurationPlatforms) = preSolution
		Debug|Any CPU = Debug|Any CPU
		Release|Any CPU = Release|Any CPU
	EndGlobalSection
	GlobalSection(ProjectConfigurationPlatforms) = postSolution
		{DB78FCDF-D14D-F1DA-1ADC-86419D88874D}.Debug|Any CPU.ActiveCfg = Debug|Any CPU
		{DB78FCDF-D14D-F1DA-1ADC-86419D88874D}.Debug|Any CPU.Build.0 = Debug|Any CPU
		{DB78FCDF-D14D-F1DA-1ADC-86419D88874D}.Release|Any CPU.ActiveCfg = Release|Any CPU
		{DB78FCDF-D14D-F1DA-1ADC-86419D88874D}.Release|Any CPU.Build.0 = Release|Any CPU
		{746B2C84-F92F-BF42-0B7E-40B0F136437D}.Debug|Any CPU.ActiveCfg = Debug|Any CPU
		{746B2C84-F92F-BF42-0B7E-40B0F136437D}.Debug|Any CPU.Build.0 = Debug|Any CPU
		{746B2C84-F92F-BF42-0B7E-40B0F136437D}.Release|Any CPU.ActiveCfg = Release|Any CPU
		{746B2C84-F92F-BF42-0B7E-40B0F136437D}.Release|Any CPU.Build.0 = Release|Any CPU
	EndGlobalSection
	GlobalSection(SolutionProperties) = preSolution
		HideSolutionNode = FALSE
	EndGlobalSection
EndGlobal
